{
  "requires": true,
  "lockfileVersion": 1,
  "dependencies": {
    "jq-simple-connect": {
      "version": "1.0.0",
      "resolved": "https://registry.npmjs.org/jq-simple-connect/-/jq-simple-connect-1.0.0.tgz",
      "integrity": "sha1-bz2XsojBn9z2xMGu2yx7mTdP1B0="
    },
    "jquery": {
      "version": "3.3.1",
      "resolved": "https://registry.npmjs.org/jquery/-/jquery-3.3.1.tgz",
      "integrity": "sha512-Ubldcmxp5np52/ENotGxlLe6aGMvmF4R8S6tZjsP6Knsaxd/xp3Zrh50cG93lR6nPXyUFwzN3ZSOQI0wRJNdGg=="
    },
    "jquery.scrollto": {
      "version": "2.1.2",
      "resolved": "https://registry.npmjs.org/jquery.scrollto/-/jquery.scrollto-2.1.2.tgz",
      "integrity": "sha1-51gNnHrEbvW7JTGUg/b0VxP9fGw=",
      "requires": {
        "jquery": "3.3.1"
      }
    }
  }
}
